
Microsoft Visual Studio Solution File, Format Version 12.00
# Visual Studio 15
VisualStudioVersion = 15.0.27703.2000
MinimumVisualStudioVersion = 10.0.40219.1
Project("{FAE04EC0-301F-11D3-BF4B-00C04F79EFBC}") = "LaTrade", "LaTrade\LaTrade.csproj", "{11F1C079-A1B1-47F8-9E6F-44BA729999B6}"
EndProject
Global
	GlobalSection(SolutionConfigurationPlatforms) = preSolution
		Debug|Any CPU = Debug|Any CPU
		Release|Any CPU = Release|Any CPU
	EndGlobalSection
	GlobalSection(ProjectConfigurationPlatforms) = postSolution
		{11F1C079-A1B1-47F8-9E6F-44BA729999B6}.Debug|Any CPU.ActiveCfg = Debug|Any CPU
		{11F1C079-A1B1-47F8-9E6F-44BA729999B6}.Debug|Any CPU.Build.0 = Debug|Any CPU
		{11F1C079-A1B1-47F8-9E6F-44BA729999B6}.Release|Any CPU.ActiveCfg = Release|Any CPU
		{11F1C079-A1B1-47F8-9E6F-44BA729999B6}.Release|Any CPU.Build.0 = Release|Any CPU
	EndGlobalSection
	GlobalSection(SolutionProperties) = preSolution
		HideSolutionNode = FALSE
	EndGlobalSection
	GlobalSection(ExtensibilityGlobals) = postSolution
		SolutionGuid = {530A8C60-908C-4A14-94A2-BC6407D33BC4}
	EndGlobalSection
EndGlobal
